# generated by rye
# use `rye lock` or `rye sync` to update this lockfile
#
# last locked with the following flags:
#   pre: false
#   features: []
#   all-features: false
#   with-sources: false
#   generate-hashes: false
#   universal: false

-e file:.
et-xmlfile==1.1.0
    # via openpyxl
numpy==2.0.1
    # via pandas
openpyxl==3.1.5
    # via assumptions-workbook-interface
pandas==2.2.2
    # via assumptions-workbook-interface
python-dateutil==2.9.0.post0
    # via pandas
pytz==2024.1
    # via pandas
six==1.16.0
    # via python-dateutil
tzdata==2024.1
    # via pandas
